// !$*UTF8*$!
{
	archiveVersion = 1;
	classes = {
	};
	objectVersion = 48;
	objects = {

/* Begin PBXBuildFile section */
		30BDE4FC2079B1EC005D3CFE /* AppDelegate.m in Sources */ = {isa = PBXBuildFile; fileRef = 30BDE4FB2079B1EC005D3CFE /* AppDelegate.m */; };
		30BDE4FF2079B1EC005D3CFE /* ViewController.m in Sources */ = {isa = PBXBuildFile; fileRef = 30BDE4FE2079B1EC005D3CFE /* ViewController.m */; };
		30BDE5022079B1EC005D3CFE /* Main.storyboard in Resources */ = {isa = PBXBuildFile; fileRef = 30BDE5002079B1EC005D3CFE /* Main.storyboard */; };
		30BDE5042079B1EC005D3CFE /* Assets.xcassets in Resources */ = {isa = PBXBuildFile; fileRef = 30BDE5032079B1EC005D3CFE /* Assets.xcassets */; };
		30BDE5072079B1EC005D3CFE /* LaunchScreen.storyboard in Resources */ = {isa = PBXBuildFile; fileRef = 30BDE5052079B1EC005D3CFE /* LaunchScreen.storyboard */; };
		30BDE50A2079B1EC005D3CFE /* main.m in Sources */ = {isa = PBXBuildFile; fileRef = 30BDE5092079B1EC005D3CFE /* main.m */; };
		30BDE5122079BD25005D3CFE /* Person.m in Sources */ = {isa = PBXBuildFile; fileRef = 30BDE5112079BD25005D3CFE /* Person.m */; };
/* End PBXBuildFile section */

/* Begin PBXFileReference section */
		30BDE4F72079B1EC005D3CFE /* ZYSBlock.app */ = {isa = PBXFileReference; explicitFileType = wrapper.application; includeInIndex = 0; path = ZYSBlock.app; sourceTree = BUILT_PRODUCTS_DIR; };
		30BDE4FA2079B1EC005D3CFE /* AppDelegate.h */ = {isa = PBXFileReference; lastKnownFileType = sourcecode.c.h; path = AppDelegate.h; sourceTree = "<group>"; };
		30BDE4FB2079B1EC005D3CFE /* AppDelegate.m */ = {isa = PBXFileReference; lastKnownFileType = sourcecode.c.objc; path = AppDelegate.m; sourceTree = "<group>"; };
		30BDE4FD2079B1EC005D3CFE /* ViewController.h */ = {isa = PBXFileReference; lastKnownFileType = sourcecode.c.h; path = ViewController.h; sourceTree = "<group>"; };
		30BDE4FE2079B1EC005D3CFE /* ViewController.m */ = {isa = PBXFileReference; lastKnownFileType = sourcecode.c.objc; path = ViewController.m; sourceTree = "<group>"; };
		30BDE5012079B1EC005D3CFE /* Base */ = {isa = PBXFileReference; lastKnownFileType = file.storyboard; name = Base; path = Base.lproj/Main.storyboard; sourceTree = "<group>"; };
		30BDE5032079B1EC005D3CFE /* Assets.xcassets */ = {isa = PBXFileReference; lastKnownFileType = folder.assetcatalog; path = Assets.xcassets; sourceTree = "<group>"; };
		30BDE5062079B1EC005D3CFE /* Base */ = {isa = PBXFileReference; lastKnownFileType = file.storyboard; name = Base; path = Base.lproj/LaunchScreen.storyboard; sourceTree = "<group>"; };
		30BDE5082079B1EC005D3CFE /* Info.plist */ = {isa = PBXFileReference; lastKnownFileType = text.plist.xml; path = Info.plist; sourceTree = "<group>"; };
		30BDE5092079B1EC005D3CFE /* main.m */ = {isa = PBXFileReference; lastKnownFileType = sourcecode.c.objc; path = main.m; sourceTree = "<group>"; };
		30BDE5102079BD25005D3CFE /* Person.h */ = {isa = PBXFileReference; lastKnownFileType = sourcecode.c.h; path = Person.h; sourceTree = "<group>"; };
		30BDE5112079BD25005D3CFE /* Person.m */ = {isa = PBXFileReference; lastKnownFileType = sourcecode.c.objc; path = Person.m; sourceTree = "<group>"; };
/* End PBXFileReference section */

/* Begin PBXFrameworksBuildPhase section */
		30BDE4F42079B1EC005D3CFE /* Frameworks */ = {
			isa = PBXFrameworksBuildPhase;
			buildActionMask = 2147483647;
			files = (
			);
			runOnlyForDeploymentPostprocessing = 0;
		};
/* End PBXFrameworksBuildPhase section */

/* Begin PBXGroup section */
		30BDE4EE2079B1EC005D3CFE = {
			isa = PBXGroup;
			children = (
				30BDE4F92079B1EC005D3CFE /* ZYSBlock */,
				30BDE4F82079B1EC005D3CFE /* Products */,
			);
			sourceTree = "<group>";
		};
		30BDE4F82079B1EC005D3CFE /* Products */ = {
			isa = PBXGroup;
			children = (
				30BDE4F72079B1EC005D3CFE /* ZYSBlock.app */,
			);
			name = Products;
			sourceTree = "<group>";
		};
		30BDE4F92079B1EC005D3CFE /* ZYSBlock */ = {
			isa = PBXGroup;
			children = (
				30BDE4FA2079B1EC005D3CFE /* AppDelegate.h */,
				30BDE4FB2079B1EC005D3CFE /* AppDelegate.m */,
				30BDE4FD2079B1EC005D3CFE /* ViewController.h */,
				30BDE4FE2079B1EC005D3CFE /* ViewController.m */,
				30BDE5102079BD25005D3CFE /* Person.h */,
				30BDE5112079BD25005D3CFE /* Person.m */,
				30BDE5002079B1EC005D3CFE /* Main.storyboard */,
				30BDE5032079B1EC005D3CFE /* Assets.xcassets */,
				30BDE5052079B1EC005D3CFE /* LaunchScreen.storyboard */,
				30BDE5082079B1EC005D3CFE /* Info.plist */,
				30BDE5092079B1EC005D3CFE /* main.m */,
			);
			path = ZYSBlock;
			sourceTree = "<group>";
		};
/* End PBXGroup section */

/* Begin PBXNativeTarget section */
		30BDE4F62079B1EC005D3CFE /* ZYSBlock */ = {
			isa = PBXNativeTarget;
			buildConfigurationList = 30BDE50D2079B1EC005D3CFE /* Build configuration list for PBXNativeTarget "ZYSBlock" */;
			buildPhases = (
				30BDE4F32079B1EC005D3CFE /* Sources */,
				30BDE4F42079B1EC005D3CFE /* Frameworks */,
				30BDE4F52079B1EC005D3CFE /* Resources */,
			);
			buildRules = (
			);
			dependencies = (
			);
			name = ZYSBlock;
			productName = ZYSBlock;
			productReference = 30BDE4F72079B1EC005D3CFE /* ZYSBlock.app */;
			productType = "com.apple.product-type.application";
		};
/* End PBXNativeTarget section */

/* Begin PBXProject section */
		30BDE4EF2079B1EC005D3CFE /* Project object */ = {
			isa = PBXProject;
			attributes = {
				LastUpgradeCheck = 0920;
				ORGANIZATIONNAME = "张洋硕";
				TargetAttributes = {
					30BDE4F62079B1EC005D3CFE = {
						CreatedOnToolsVersion = 9.2;
						ProvisioningStyle = Automatic;
					};
				};
			};
			buildConfigurationList = 30BDE4F22079B1EC005D3CFE /* Build configuration list for PBXProject "ZYSBlock" */;
			compatibilityVersion = "Xcode 8.0";
			developmentRegion = en;
			hasScannedForEncodings = 0;
			knownRegions = (
				en,
				Base,
			);
			mainGroup = 30BDE4EE2079B1EC005D3CFE;
			productRefGroup = 30BDE4F82079B1EC005D3CFE /* Products */;
			projectDirPath = "";
			projectRoot = "";
			targets = (
				30BDE4F62079B1EC005D3CFE /* ZYSBlock */,
			);
		};
/* End PBXProject section */

/* Begin PBXResourcesBuildPhase section */
		30BDE4F52079B1EC005D3CFE /* Resources */ = {
			isa = PBXResourcesBuildPhase;
			buildActionMask = 2147483647;
			files = (
				30BDE5072079B1EC005D3CFE /* LaunchScreen.storyboard in Resources */,
				30BDE5042079B1EC005D3CFE /* Assets.xcassets in Resources */,
				30BDE5022079B1EC005D3CFE /* Main.storyboard in Resources */,
			);
			runOnlyForDeploymentPostprocessing = 0;
		};
/* End PBXResourcesBuildPhase section */

/* Begin PBXSourcesBuildPhase section */
		30BDE4F32079B1EC005D3CFE /* Sources */ = {
			isa = PBXSourcesBuildPhase;
			buildActionMask = 2147483647;
			files = (
				30BDE4FF2079B1EC005D3CFE /* ViewController.m in Sources */,
				30BDE50A2079B1EC005D3CFE /* main.m in Sources */,
				30BDE5122079BD25005D3CFE /* Person.m in Sources */,
				30BDE4FC2079B1EC005D3CFE /* AppDelegate.m in Sources */,
			);
			runOnlyForDeploymentPostprocessing = 0;
		};
/* End PBXSourcesBuildPhase section */

/* Begin PBXVariantGroup section */
		30BDE5002079B1EC005D3CFE /* Main.storyboard */ = {
			isa = PBXVariantGroup;
			children = (
				30BDE5012079B1EC005D3CFE /* Base */,
			);
			name = Main.storyboard;
			sourceTree = "<group>";
		};
		30BDE5052079B1EC005D3CFE /* LaunchScreen.storyboard */ = {
			isa = PBXVariantGroup;
			children = (
				30BDE5062079B1EC005D3CFE /* Base */,
			);
			name = LaunchScreen.storyboard;
			sourceTree = "<group>";
		};
/* End PBXVariantGroup section */

/* Begin XCBuildConfiguration section */
		30BDE50B2079B1EC005D3CFE /* Debug */ = {
			isa = XCBuildConfiguration;
			buildSettings = {
				ALWAYS_SEARCH_USER_PATHS = NO;
				CLANG_ANALYZER_NONNULL = YES;
				CLANG_ANALYZER_NUMBER_OBJECT_CONVERSION = YES_AGGRESSIVE;
				CLANG_CXX_LANGUAGE_STANDARD = "gnu++14";
				CLANG_CXX_LIBRARY = "libc++";
				CLANG_ENABLE_MODULES = YES;
				CLANG_ENABLE_OBJC_ARC = YES;
				CLANG_WARN_BLOCK_CAPTURE_AUTORELEASING = YES;
				CLANG_WARN_BOOL_CONVERSION = YES;
				CLANG_WARN_COMMA = YES;
				CLANG_WARN_CONSTANT_CONVERSION = YES;
				CLANG_WARN_DIRECT_OBJC_ISA_USAGE = YES_ERROR;
				CLANG_WARN_DOCUMENTATION_COMMENTS = YES;
				CLANG_WARN_EMPTY_BODY = YES;
				CLANG_WARN_ENUM_CONVERSION = YES;
				CLANG_WARN_INFINITE_RECURSION = YES;
				CLANG_WARN_INT_CONVERSION = YES;
				CLANG_WARN_NON_LITERAL_NULL_CONVERSION = YES;
				CLANG_WARN_OBJC_LITERAL_CONVERSION = YES;
				CLANG_WARN_OBJC_ROOT_CLASS = YES_ERROR;
				CLANG_WARN_RANGE_LOOP_ANALYSIS = YES;
				CLANG_WARN_STRICT_PROTOTYPES = YES;
				CLANG_WARN_SUSPICIOUS_MOVE = YES;
				CLANG_WARN_UNGUARDED_AVAILABILITY = YES_AGGRESSIVE;
				CLANG_WARN_UNREACHABLE_CODE = YES;
				CLANG_WARN__DUPLICATE_METHOD_MATCH = YES;
				CODE_SIGN_IDENTITY = "iPhone Developer";
				COPY_PHASE_STRIP = NO;
				DEBUG_INFORMATION_FORMAT = dwarf;
				ENABLE_STRICT_OBJC_MSGSEND = YES;
				ENABLE_TESTABILITY = YES;
				GCC_C_LANGUAGE_STANDARD = gnu11;
				GCC_DYNAMIC_NO_PIC = NO;
				GCC_NO_COMMON_BLOCKS = YES;
				GCC_OPTIMIZATION_LEVEL = 0;
				GCC_PREPROCESSOR_DEFINITIONS = (
					"DEBUG=1",
					"$(inherited)",
				);
				GCC_WARN_64_TO_32_BIT_CONVERSION = YES;
				GCC_WARN_ABOUT_RETURN_TYPE = YES_ERROR;
				GCC_WARN_UNDECLARED_SELECTOR = YES;
				GCC_WARN_UNINITIALIZED_AUTOS = YES_AGGRESSIVE;
				GCC_WARN_UNUSED_FUNCTION = YES;
				GCC_WARN_UNUSED_VARIABLE = YES;
				IPHONEOS_DEPLOYMENT_TARGET = 11.2;
				MTL_ENABLE_DEBUG_INFO = YES;
				ONLY_ACTIVE_ARCH = YES;
				SDKROOT = iphoneos;
			};
			name = Debug;
		};
		30BDE50C2079B1EC005D3CFE /* Release */ = {
			isa = XCBuildConfiguration;
			buildSettings = {
				ALWAYS_SEARCH_USER_PATHS = NO;
				CLANG_ANALYZER_NONNULL = YES;
				CLANG_ANALYZER_NUMBER_OBJECT_CONVERSION = YES_AGGRESSIVE;
				CLANG_CXX_LANGUAGE_STANDARD = "gnu++14";
				CLANG_CXX_LIBRARY = "libc++";
				CLANG_ENABLE_MODULES = YES;
				CLANG_ENABLE_OBJC_ARC = YES;
				CLANG_WARN_BLOCK_CAPTURE_AUTORELEASING = YES;
				CLANG_WARN_BOOL_CONVERSION = YES;
				CLANG_WARN_COMMA = YES;
				CLANG_WARN_CONSTANT_CONVERSION = YES;
				CLANG_WARN_DIRECT_OBJC_ISA_USAGE = YES_ERROR;
				CLANG_WARN_DOCUMENTATION_COMMENTS = YES;
				CLANG_WARN_EMPTY_BODY = YES;
				CLANG_WARN_ENUM_CONVERSION = YES;
				CLANG_WARN_INFINITE_RECURSION = YES;
				CLANG_WARN_INT_CONVERSION = YES;
				CLANG_WARN_NON_LITERAL_NULL_CONVERSION = YES;
				CLANG_WARN_OBJC_LITERAL_CONVERSION = YES;
				CLANG_WARN_OBJC_ROOT_CLASS = YES_ERROR;
				CLANG_WARN_RANGE_LOOP_ANALYSIS = YES;
				CLANG_WARN_STRICT_PROTOTYPES = YES;
				CLANG_WARN_SUSPICIOUS_MOVE = YES;
				CLANG_WARN_UNGUARDED_AVAILABILITY = YES_AGGRESSIVE;
				CLANG_WARN_UNREACHABLE_CODE = YES;
				CLANG_WARN__DUPLICATE_METHOD_MATCH = YES;
				CODE_SIGN_IDENTITY = "iPhone Developer";
				COPY_PHASE_STRIP = NO;
				DEBUG_INFORMATION_FORMAT = "dwarf-with-dsym";
				ENABLE_NS_ASSERTIONS = NO;
				ENABLE_STRICT_OBJC_MSGSEND = YES;
				GCC_C_LANGUAGE_STANDARD = gnu11;
				GCC_NO_COMMON_BLOCKS = YES;
				GCC_WARN_64_TO_32_BIT_CONVERSION = YES;
				GCC_WARN_ABOUT_RETURN_TYPE = YES_ERROR;
				GCC_WARN_UNDECLARED_SELECTOR = YES;
				GCC_WARN_UNINITIALIZED_AUTOS = YES_AGGRESSIVE;
				GCC_WARN_UNUSED_FUNCTION = YES;
				GCC_WARN_UNUSED_VARIABLE = YES;
				IPHONEOS_DEPLOYMENT_TARGET = 11.2;
				MTL_ENABLE_DEBUG_INFO = NO;
				SDKROOT = iphoneos;
				VALIDATE_PRODUCT = YES;
			};
			name = Release;
		};
		30BDE50E2079B1EC005D3CFE /* Debug */ = {
			isa = XCBuildConfiguration;
			buildSettings = {
				ASSETCATALOG_COMPILER_APPICON_NAME = AppIcon;
				CODE_SIGN_STYLE = Automatic;
				DEVELOPMENT_TEAM = GRJ5G75965;
				INFOPLIST_FILE = ZYSBlock/Info.plist;
				LD_RUNPATH_SEARCH_PATHS = "$(inherited) @executable_path/Frameworks";
				PRODUCT_BUNDLE_IDENTIFIER = com.huayizhichun.ZYSBlock;
				PRODUCT_NAME = "$(TARGET_NAME)";
				TARGETED_DEVICE_FAMILY = "1,2";
			};
			name = Debug;
		};
		30BDE50F2079B1EC005D3CFE /* Release */ = {
			isa = XCBuildConfiguration;
			buildSettings = {
				ASSETCATALOG_COMPILER_APPICON_NAME = AppIcon;
				CODE_SIGN_STYLE = Automatic;
				DEVELOPMENT_TEAM = GRJ5G75965;
				INFOPLIST_FILE = ZYSBlock/Info.plist;
				LD_RUNPATH_SEARCH_PATHS = "$(inherited) @executable_path/Frameworks";
				PRODUCT_BUNDLE_IDENTIFIER = com.huayizhichun.ZYSBlock;
				PRODUCT_NAME = "$(TARGET_NAME)";
				TARGETED_DEVICE_FAMILY = "1,2";
			};
			name = Release;
		};
/* End XCBuildConfiguration section */

/* Begin XCConfigurationList section */
		30BDE4F22079B1EC005D3CFE /* Build configuration list for PBXProject "ZYSBlock" */ = {
			isa = XCConfigurationList;
			buildConfigurations = (
				30BDE50B2079B1EC005D3CFE /* Debug */,
				30BDE50C2079B1EC005D3CFE /* Release */,
			);
			defaultConfigurationIsVisible = 0;
			defaultConfigurationName = Release;
		};
		30BDE50D2079B1EC005D3CFE /* Build configuration list for PBXNativeTarget "ZYSBlock" */ = {
			isa = XCConfigurationList;
			buildConfigurations = (
				30BDE50E2079B1EC005D3CFE /* Debug */,
				30BDE50F2079B1EC005D3CFE /* Release */,
			);
			defaultConfigurationIsVisible = 0;
			defaultConfigurationName = Release;
		};
/* End XCConfigurationList section */
	};
	rootObject = 30BDE4EF2079B1EC005D3CFE /* Project object */;
}
